
Microsoft Visual Studio Solution File, Format Version 12.00
# Visual Studio 15
VisualStudioVersion = 15.0.26403.7
MinimumVisualStudioVersion = 10.0.40219.1
Project("{FAE04EC0-301F-11D3-BF4B-00C04F79EFBC}") = "LedStripMessenger", "LedStripMessenger\LedStripMessenger.csproj", "{C5A2759E-4F5A-4550-9B9E-7183CC0E6211}"
EndProject
Project("{FAE04EC0-301F-11D3-BF4B-00C04F79EFBC}") = "CommandMessenger", "CommandMessenger\CommandMessenger.csproj", "{3CF8F8FC-6F5C-46F8-94DC-C2E4C505ECA4}"
EndProject
Project("{FAE04EC0-301F-11D3-BF4B-00C04F79EFBC}") = "CommandMessenger.Transport.Serial", "CommandMessenger.Transport.Serial\CommandMessenger.Transport.Serial.csproj", "{00D85F0B-00A5-41FA-8A99-428C0199C663}"
EndProject
Global
	GlobalSection(SolutionConfigurationPlatforms) = preSolution
		Debug|Any CPU = Debug|Any CPU
		Debug|x86 = Debug|x86
		Release|Any CPU = Release|Any CPU
		Release|x86 = Release|x86
	EndGlobalSection
	GlobalSection(ProjectConfigurationPlatforms) = postSolution
		{C5A2759E-4F5A-4550-9B9E-7183CC0E6211}.Debug|Any CPU.ActiveCfg = Debug|Any CPU
		{C5A2759E-4F5A-4550-9B9E-7183CC0E6211}.Debug|Any CPU.Build.0 = Debug|Any CPU
		{C5A2759E-4F5A-4550-9B9E-7183CC0E6211}.Debug|x86.ActiveCfg = Debug|Any CPU
		{C5A2759E-4F5A-4550-9B9E-7183CC0E6211}.Debug|x86.Build.0 = Debug|Any CPU
		{C5A2759E-4F5A-4550-9B9E-7183CC0E6211}.Release|Any CPU.ActiveCfg = Release|Any CPU
		{C5A2759E-4F5A-4550-9B9E-7183CC0E6211}.Release|Any CPU.Build.0 = Release|Any CPU
		{C5A2759E-4F5A-4550-9B9E-7183CC0E6211}.Release|x86.ActiveCfg = Release|Any CPU
		{C5A2759E-4F5A-4550-9B9E-7183CC0E6211}.Release|x86.Build.0 = Release|Any CPU
		{3CF8F8FC-6F5C-46F8-94DC-C2E4C505ECA4}.Debug|Any CPU.ActiveCfg = Debug|Any CPU
		{3CF8F8FC-6F5C-46F8-94DC-C2E4C505ECA4}.Debug|Any CPU.Build.0 = Debug|Any CPU
		{3CF8F8FC-6F5C-46F8-94DC-C2E4C505ECA4}.Debug|x86.ActiveCfg = Debug|x86
		{3CF8F8FC-6F5C-46F8-94DC-C2E4C505ECA4}.Debug|x86.Build.0 = Debug|x86
		{3CF8F8FC-6F5C-46F8-94DC-C2E4C505ECA4}.Release|Any CPU.ActiveCfg = Release|Any CPU
		{3CF8F8FC-6F5C-46F8-94DC-C2E4C505ECA4}.Release|Any CPU.Build.0 = Release|Any CPU
		{3CF8F8FC-6F5C-46F8-94DC-C2E4C505ECA4}.Release|x86.ActiveCfg = Release|x86
		{3CF8F8FC-6F5C-46F8-94DC-C2E4C505ECA4}.Release|x86.Build.0 = Release|x86
		{00D85F0B-00A5-41FA-8A99-428C0199C663}.Debug|Any CPU.ActiveCfg = Debug|Any CPU
		{00D85F0B-00A5-41FA-8A99-428C0199C663}.Debug|Any CPU.Build.0 = Debug|Any CPU
		{00D85F0B-00A5-41FA-8A99-428C0199C663}.Debug|x86.ActiveCfg = Debug|x86
		{00D85F0B-00A5-41FA-8A99-428C0199C663}.Debug|x86.Build.0 = Debug|x86
		{00D85F0B-00A5-41FA-8A99-428C0199C663}.Release|Any CPU.ActiveCfg = Release|Any CPU
		{00D85F0B-00A5-41FA-8A99-428C0199C663}.Release|Any CPU.Build.0 = Release|Any CPU
		{00D85F0B-00A5-41FA-8A99-428C0199C663}.Release|x86.ActiveCfg = Release|x86
		{00D85F0B-00A5-41FA-8A99-428C0199C663}.Release|x86.Build.0 = Release|x86
	EndGlobalSection
	GlobalSection(SolutionProperties) = preSolution
		HideSolutionNode = FALSE
	EndGlobalSection
EndGlobal
